# THIS IS AN AUTOGENERATED FILE. DO NOT EDIT THIS FILE DIRECTLY.
# yarn lockfile v1


bluetooth-hci-socket@^0.5.1:
  version "0.5.1"
  resolved "https://registry.yarnpkg.com/bluetooth-hci-socket/-/bluetooth-hci-socket-0.5.1.tgz#efbe21524fc1cf5d3fae5d51365d561d4abbed0b"
  integrity sha1-774hUk/Bz10/rl1RNl1WHUq77Qs=
  dependencies:
    debug "^2.2.0"
    nan "^2.0.5"
  optionalDependencies:
    usb "^1.1.0"

bplist-parser@0.0.6:
  version "0.0.6"
  resolved "https://registry.yarnpkg.com/bplist-parser/-/bplist-parser-0.0.6.tgz#38da3471817df9d44ab3892e27707bbbd75a11b9"
  integrity sha1-ONo0cYF9+dRKs4kuJ3B7u9daEbk=

debug@^2.2.0:
  version "2.6.9"
  resolved "https://registry.yarnpkg.com/debug/-/debug-2.6.9.tgz#5d128515df134ff327e90a4c93f4e077a536341f"
  integrity sha512-bC7ElrdJaJnPbAP+1EotYvqZsb3ecl5wi6Bfi6BJTUcNowp6cvspg0jXznRTKDjm/E7AdgFBVeAPVMNcKGsHMA==
  dependencies:
    ms "2.0.0"

debug@~2.2.0:
  version "2.2.0"
  resolved "https://registry.yarnpkg.com/debug/-/debug-2.2.0.tgz#f87057e995b1a1f6ae6a4960664137bc56f039da"
  integrity sha1-+HBX6ZWxofauaklgZkE3vFbwOdo=
  dependencies:
    ms "0.7.1"

ms@0.7.1:
  version "0.7.1"
  resolved "https://registry.yarnpkg.com/ms/-/ms-0.7.1.tgz#9cd13c03adbff25b65effde7ce864ee952017098"
  integrity sha1-nNE8A62/8ltl7/3nzoZO6VIBcJg=

ms@2.0.0:
  version "2.0.0"
  resolved "https://registry.yarnpkg.com/ms/-/ms-2.0.0.tgz#5608aeadfc00be6c2901df5f9861788de0d597c8"
  integrity sha1-VgiurfwAvmwpAd9fmGF4jeDVl8g=

nan@^2.0.5:
  version "2.15.0"
  resolved "https://registry.yarnpkg.com/nan/-/nan-2.15.0.tgz#3f34a473ff18e15c1b5626b62903b5ad6e665fee"
  integrity sha512-8ZtvEnA2c5aYCZYd1cvgdnU6cqwixRoYg70xPLWUws5ORTa/lnw+u4amixRS/Ac5U5mQVgp9pnlSUnbNWFaWZQ==

noble@^1.9.1:
  version "1.9.1"
  resolved "https://registry.yarnpkg.com/noble/-/noble-1.9.1.tgz#2ccd31ead8ec92dbff6f19a42e420b258bcdcdd0"
  integrity sha1-LM0x6tjsktv/bxmkLkILJYvNzdA=
  dependencies:
    debug "~2.2.0"
  optionalDependencies:
    bluetooth-hci-socket "^0.5.1"
    bplist-parser "0.0.6"
    xpc-connection "~0.1.4"

node-addon-api@^4.2.0:
  version "4.2.0"
  resolved "https://registry.yarnpkg.com/node-addon-api/-/node-addon-api-4.2.0.tgz#117cbb5a959dff0992e1c586ae0393573e4d2a87"
  integrity sha512-eazsqzwG2lskuzBqCGPi7Ac2UgOoMz8JVOXVhTvvPDYhthvNpefx8jWD8Np7Gv+2Sz0FlPWZk0nJV0z598Wn8Q==

node-gyp-build@^4.3.0:
  version "4.3.0"
  resolved "https://registry.yarnpkg.com/node-gyp-build/-/node-gyp-build-4.3.0.tgz#9f256b03e5826150be39c764bf51e993946d71a3"
  integrity sha512-iWjXZvmboq0ja1pUGULQBexmxq8CV4xBhX7VDOTbL7ZR4FOowwY/VOtRxBN/yKxmdGoIp4j5ysNT4u3S2pDQ3Q==

usb@^1.1.0:
  version "1.8.0"
  resolved "https://registry.yarnpkg.com/usb/-/usb-1.8.0.tgz#aec44c61558e618c699a2cbd31c86e3dc7f64d87"
  integrity sha512-lA0q2tjDEAq1YUsW6nQ+asw92TtFrQ8rhMd11jAoFhK3xItZUupJ7npZDSmVOpQqQhhdFmX/YciqyywupA/wOQ==
  dependencies:
    node-addon-api "^4.2.0"
    node-gyp-build "^4.3.0"

xpc-connection@~0.1.4:
  version "0.1.4"
  resolved "https://registry.yarnpkg.com/xpc-connection/-/xpc-connection-0.1.4.tgz#dcd7faa2aec6b7a6e18cc5ddad042f7a34c77156"
  integrity sha1-3Nf6oq7Gt6bhjMXdrQQvejTHcVY=
  dependencies:
    nan "^2.0.5"
